
Microsoft Visual Studio Solution File, Format Version 12.00
# Visual Studio Version 16
VisualStudioVersion = 16.0.30907.101
MinimumVisualStudioVersion = 10.0.40219.1
Project("{9A19103F-16F7-4668-BE54-9A1E7A4F7556}") = "Entities", "Entities\Entities.csproj", "{12525FB5-4F43-4F90-887E-8AEB696CD77E}"
EndProject
Project("{9A19103F-16F7-4668-BE54-9A1E7A4F7556}") = "DataAccess", "DataAccess\DataAccess.csproj", "{3B0830FE-C1C3-4864-9B28-327DEF32FFB6}"
EndProject
Project("{9A19103F-16F7-4668-BE54-9A1E7A4F7556}") = "Business", "Business\Business.csproj", "{78AB8CAD-4177-4173-BF14-5346EBF3B425}"
EndProject
Project("{9A19103F-16F7-4668-BE54-9A1E7A4F7556}") = "Core", "Core\Core.csproj", "{8D7CD8EF-1597-443E-B2AC-B43533231CF0}"
EndProject
Project("{FAE04EC0-301F-11D3-BF4B-00C04F79EFBC}") = "WebAPI", "WebAPI\WebAPI.csproj", "{FB0B549A-D828-47A3-8522-5FF9D55EABD6}"
EndProject
Global
	GlobalSection(SolutionConfigurationPlatforms) = preSolution
		Debug|Any CPU = Debug|Any CPU
		Release|Any CPU = Release|Any CPU
	EndGlobalSection
	GlobalSection(ProjectConfigurationPlatforms) = postSolution
		{12525FB5-4F43-4F90-887E-8AEB696CD77E}.Debug|Any CPU.ActiveCfg = Debug|Any CPU
		{12525FB5-4F43-4F90-887E-8AEB696CD77E}.Debug|Any CPU.Build.0 = Debug|Any CPU
		{12525FB5-4F43-4F90-887E-8AEB696CD77E}.Release|Any CPU.ActiveCfg = Release|Any CPU
		{12525FB5-4F43-4F90-887E-8AEB696CD77E}.Release|Any CPU.Build.0 = Release|Any CPU
		{3B0830FE-C1C3-4864-9B28-327DEF32FFB6}.Debug|Any CPU.ActiveCfg = Debug|Any CPU
		{3B0830FE-C1C3-4864-9B28-327DEF32FFB6}.Debug|Any CPU.Build.0 = Debug|Any CPU
		{3B0830FE-C1C3-4864-9B28-327DEF32FFB6}.Release|Any CPU.ActiveCfg = Release|Any CPU
		{3B0830FE-C1C3-4864-9B28-327DEF32FFB6}.Release|Any CPU.Build.0 = Release|Any CPU
		{78AB8CAD-4177-4173-BF14-5346EBF3B425}.Debug|Any CPU.ActiveCfg = Debug|Any CPU
		{78AB8CAD-4177-4173-BF14-5346EBF3B425}.Debug|Any CPU.Build.0 = Debug|Any CPU
		{78AB8CAD-4177-4173-BF14-5346EBF3B425}.Release|Any CPU.ActiveCfg = Release|Any CPU
		{78AB8CAD-4177-4173-BF14-5346EBF3B425}.Release|Any CPU.Build.0 = Release|Any CPU
		{8D7CD8EF-1597-443E-B2AC-B43533231CF0}.Debug|Any CPU.ActiveCfg = Debug|Any CPU
		{8D7CD8EF-1597-443E-B2AC-B43533231CF0}.Debug|Any CPU.Build.0 = Debug|Any CPU
		{8D7CD8EF-1597-443E-B2AC-B43533231CF0}.Release|Any CPU.ActiveCfg = Release|Any CPU
		{8D7CD8EF-1597-443E-B2AC-B43533231CF0}.Release|Any CPU.Build.0 = Release|Any CPU
		{FB0B549A-D828-47A3-8522-5FF9D55EABD6}.Debug|Any CPU.ActiveCfg = Debug|Any CPU
		{FB0B549A-D828-47A3-8522-5FF9D55EABD6}.Debug|Any CPU.Build.0 = Debug|Any CPU
		{FB0B549A-D828-47A3-8522-5FF9D55EABD6}.Release|Any CPU.ActiveCfg = Release|Any CPU
		{FB0B549A-D828-47A3-8522-5FF9D55EABD6}.Release|Any CPU.Build.0 = Release|Any CPU
	EndGlobalSection
	GlobalSection(SolutionProperties) = preSolution
		HideSolutionNode = FALSE
	EndGlobalSection
	GlobalSection(ExtensibilityGlobals) = postSolution
		SolutionGuid = {BA461E82-ABB5-4EFB-A09E-4C6A59F323B2}
	EndGlobalSection
EndGlobal
